{
  "name": "ssher",
  "version": "1.1.8",
  "lockfileVersion": 1,
  "requires": true,
  "dependencies": {
    "apache-crypt": {
      "version": "1.2.1",
      "resolved": "https://registry.npmjs.org/apache-crypt/-/apache-crypt-1.2.1.tgz",
      "integrity": "sha1-1vxyqm0n2ZyVqU/RiNcx7v/6Zjw=",
      "requires": {
        "unix-crypt-td-js": "^1.0.0"
      }
    },
    "arch": {
      "version": "2.1.1",
      "resolved": "https://registry.npmjs.org/arch/-/arch-2.1.1.tgz",
      "integrity": "sha512-BLM56aPo9vLLFVa8+/+pJLnrZ7QGGTVHWsCwieAWT9o9K8UeGaQbzZbGoabWLOo2ksBCztoXdqBZBplqLDDCSg=="
    },
    "charenc": {
      "version": "0.0.2",
      "resolved": "https://registry.npmjs.org/charenc/-/charenc-0.0.2.tgz",
      "integrity": "sha1-wKHS86cJLgN3S/qD8UwPxXkKhmc="
    },
    "clipboardy": {
      "version": "1.2.3",
      "resolved": "https://registry.npmjs.org/clipboardy/-/clipboardy-1.2.3.tgz",
      "integrity": "sha512-2WNImOvCRe6r63Gk9pShfkwXsVtKCroMAevIbiae021mS850UkWPbevxsBz3tnvjZIEGvlwaqCPsw+4ulzNgJA==",
      "requires": {
        "arch": "^2.1.0",
        "execa": "^0.8.0"
      }
    },
    "colors": {
      "version": "1.3.0",
      "resolved": "https://registry.npmjs.org/colors/-/colors-1.3.0.tgz",
      "integrity": "sha512-EDpX3a7wHMWFA7PUHWPHNWqOxIIRSJetuwl0AS5Oi/5FMV8kWm69RTlgm00GKjBO1xFHMtBbL49yRtMMdticBw=="
    },
    "commander": {
      "version": "2.15.1",
      "resolved": "https://registry.npmjs.org/commander/-/commander-2.15.1.tgz",
      "integrity": "sha512-VlfT9F3V0v+jr4yxPc5gg9s62/fIVWsd2Bk2iD435um1NlGMYdVCq+MjcXnhYq2icNOizHr1kK+5TI6H0Hy0ag=="
    },
    "core-util-is": {
      "version": "1.0.2",
      "resolved": "https://registry.npmjs.org/core-util-is/-/core-util-is-1.0.2.tgz",
      "integrity": "sha1-tf1UIgqivFq1eqtxQMlAdUUDwac="
    },
    "cross-spawn": {
      "version": "5.1.0",
      "resolved": "https://registry.npmjs.org/cross-spawn/-/cross-spawn-5.1.0.tgz",
      "integrity": "sha1-6L0O/uWPz/b4+UUQoKVUu/ojVEk=",
      "requires": {
        "lru-cache": "^4.0.1",
        "shebang-command": "^1.2.0",
        "which": "^1.2.9"
      }
    },
    "crypt": {
      "version": "0.0.2",
      "resolved": "https://registry.npmjs.org/crypt/-/crypt-0.0.2.tgz",
      "integrity": "sha1-iNf/fsDfuG9xPch7u0LQRNPmxBs="
    },
    "cryptmd5": {
      "version": "0.1.2",
      "resolved": "https://registry.npmjs.org/cryptmd5/-/cryptmd5-0.1.2.tgz",
      "integrity": "sha512-tpJVafnLEuyTDBe0USLjc9QaRL4iTmem+W6GRwGE0Fq6KOuini3/WFqJncInMfQjSmW4hgEKb7rez4oWTMtwOA=="
    },
    "debug": {
      "version": "2.6.9",
      "resolved": "https://registry.npmjs.org/debug/-/debug-2.6.9.tgz",
      "integrity": "sha512-bC7ElrdJaJnPbAP+1EotYvqZsb3ecl5wi6Bfi6BJTUcNowp6cvspg0jXznRTKDjm/E7AdgFBVeAPVMNcKGsHMA==",
      "requires": {
        "ms": "2.0.0"
      }
    },
    "exec-stream": {
      "version": "0.1.0",
      "resolved": "https://registry.npmjs.org/exec-stream/-/exec-stream-0.1.0.tgz",
      "integrity": "sha1-BQEgxaUGknbrcNbCJUUfCndpk+w="
    },
    "execa": {
      "version": "0.8.0",
      "resolved": "https://registry.npmjs.org/execa/-/execa-0.8.0.tgz",
      "integrity": "sha1-2NdrvBtVIX7RkP1t1J08d07PyNo=",
      "requires": {
        "cross-spawn": "^5.0.1",
        "get-stream": "^3.0.0",
        "is-stream": "^1.1.0",
        "npm-run-path": "^2.0.0",
        "p-finally": "^1.0.0",
        "signal-exit": "^3.0.0",
        "strip-eof": "^1.0.0"
      }
    },
    "get-stream": {
      "version": "3.0.0",
      "resolved": "https://registry.npmjs.org/get-stream/-/get-stream-3.0.0.tgz",
      "integrity": "sha1-jpQ9E1jcN1VQVOy+LtsFqhdO3hQ="
    },
    "global-dirs": {
      "version": "0.1.1",
      "resolved": "https://registry.npmjs.org/global-dirs/-/global-dirs-0.1.1.tgz",
      "integrity": "sha1-sxnA3UYH81PzvpzKTHL8FIxJ9EU=",
      "requires": {
        "ini": "^1.3.4"
      }
    },
    "inherits": {
      "version": "2.0.3",
      "resolved": "https://registry.npmjs.org/inherits/-/inherits-2.0.3.tgz",
      "integrity": "sha1-Yzwsg+PaQqUC9SRmAiSA9CCCYd4="
    },
    "ini": {
      "version": "1.3.5",
      "resolved": "https://registry.npmjs.org/ini/-/ini-1.3.5.tgz",
      "integrity": "sha512-RZY5huIKCMRWDUqZlEi72f/lmXKMvuszcMBduliQ3nnWbx9X/ZBQO7DijMEYS9EhHBb2qacRUMtC7svLwe0lcw=="
    },
    "is-buffer": {
      "version": "1.1.6",
      "resolved": "https://registry.npmjs.org/is-buffer/-/is-buffer-1.1.6.tgz",
      "integrity": "sha512-NcdALwpXkTm5Zvvbk7owOUSvVvBKDgKP5/ewfXEznmQFfs4ZRmanOeKBTjRVjka3QFoN6XJ+9F3USqfHqTaU5w=="
    },
    "is-class": {
      "version": "0.0.5",
      "resolved": "https://registry.npmjs.org/is-class/-/is-class-0.0.5.tgz",
      "integrity": "sha512-jOquneoRNrqbpDgh4hKicrMcGIl7jopvIJaWI+LyDVRzZrQy819qBaYSofOyUMTo/x5Jelvs8G5v/ptdySWy6A=="
    },
    "is-number": {
      "version": "4.0.0",
      "resolved": "https://registry.npmjs.org/is-number/-/is-number-4.0.0.tgz",
      "integrity": "sha512-rSklcAIlf1OmFdyAqbnWTLVelsQ58uvZ66S/ZyawjWqIviTWCjg2PzVGw8WUA+nNuPTqb4wgA+NszrJ+08LlgQ=="
    },
    "is-stream": {
      "version": "1.1.0",
      "resolved": "https://registry.npmjs.org/is-stream/-/is-stream-1.1.0.tgz",
      "integrity": "sha1-EtSj3U5o4Lec6428hBc66A2RykQ="
    },
    "is-type-of": {
      "version": "1.2.0",
      "resolved": "https://registry.npmjs.org/is-type-of/-/is-type-of-1.2.0.tgz",
      "integrity": "sha512-10ezBXuEDp3Fp/jPCaVd4hSrAEj2lPyr1LT7+cWi9HCLd15wbh9X8dJfTDB+ZgkZSCGTG2TF6f61ugI5mSlhDA==",
      "requires": {
        "core-util-is": "^1.0.2",
        "is-class": "~0.0.4",
        "isstream": "~0.1.2"
      }
    },
    "isexe": {
      "version": "2.0.0",
      "resolved": "https://registry.npmjs.org/isexe/-/isexe-2.0.0.tgz",
      "integrity": "sha1-6PvzdNxVb/iUehDcsFctYz8s+hA="
    },
    "isstream": {
      "version": "0.1.2",
      "resolved": "https://registry.npmjs.org/isstream/-/isstream-0.1.2.tgz",
      "integrity": "sha1-R+Y/evVa+m+S4VAOaQ64uFKcCZo="
    },
    "kind-of": {
      "version": "6.0.2",
      "resolved": "https://registry.npmjs.org/kind-of/-/kind-of-6.0.2.tgz",
      "integrity": "sha512-s5kLOcnH0XqDO+FvuaLX8DDjZ18CGFk7VygH40QoKPUQhW4e2rvM0rwUq0t8IQDOwYSeLK01U90OjzBTme2QqA=="
    },
    "lru-cache": {
      "version": "4.1.3",
      "resolved": "https://registry.npmjs.org/lru-cache/-/lru-cache-4.1.3.tgz",
      "integrity": "sha512-fFEhvcgzuIoJVUF8fYr5KR0YqxD238zgObTps31YdADwPPAp82a4M8TrckkWyx7ekNlf9aBcVn81cFwwXngrJA==",
      "requires": {
        "pseudomap": "^1.0.2",
        "yallist": "^2.1.2"
      }
    },
    "math-random": {
      "version": "1.0.1",
      "resolved": "https://registry.npmjs.org/math-random/-/math-random-1.0.1.tgz",
      "integrity": "sha1-izqsWIuKZuSXXjzepn97sylgH6w="
    },
    "md5": {
      "version": "2.2.1",
      "resolved": "https://registry.npmjs.org/md5/-/md5-2.2.1.tgz",
      "integrity": "sha1-U6s41f48iJG6RlMp6iP6wFQBJvk=",
      "requires": {
        "charenc": "~0.0.1",
        "crypt": "~0.0.1",
        "is-buffer": "~1.1.1"
      }
    },
    "moment": {
      "version": "2.22.2",
      "resolved": "https://registry.npmjs.org/moment/-/moment-2.22.2.tgz",
      "integrity": "sha1-PCV/mDn8DpP/UxSWMiOeuQeD/2Y="
    },
    "ms": {
      "version": "2.0.0",
      "resolved": "https://registry.npmjs.org/ms/-/ms-2.0.0.tgz",
      "integrity": "sha1-VgiurfwAvmwpAd9fmGF4jeDVl8g="
    },
    "npm-run-path": {
      "version": "2.0.2",
      "resolved": "https://registry.npmjs.org/npm-run-path/-/npm-run-path-2.0.2.tgz",
      "integrity": "sha1-NakjLfo11wZ7TLLd8jV7GHFTbF8=",
      "requires": {
        "path-key": "^2.0.0"
      }
    },
    "p-finally": {
      "version": "1.0.0",
      "resolved": "https://registry.npmjs.org/p-finally/-/p-finally-1.0.0.tgz",
      "integrity": "sha1-P7z7FbiZpEEjs0ttzBi3JDNqLK4="
    },
    "path-key": {
      "version": "2.0.1",
      "resolved": "https://registry.npmjs.org/path-key/-/path-key-2.0.1.tgz",
      "integrity": "sha1-QRyttXTFoUDTpLGRDUDYDMn0C0A="
    },
    "pseudomap": {
      "version": "1.0.2",
      "resolved": "https://registry.npmjs.org/pseudomap/-/pseudomap-1.0.2.tgz",
      "integrity": "sha1-8FKijacOYYkX7wqKw0wa5aaChrM="
    },
    "randomatic": {
      "version": "3.0.0",
      "resolved": "https://registry.npmjs.org/randomatic/-/randomatic-3.0.0.tgz",
      "integrity": "sha512-VdxFOIEY3mNO5PtSRkkle/hPJDHvQhK21oa73K4yAc9qmp6N429gAyF1gZMOTMeS0/AYzaV/2Trcef+NaIonSA==",
      "requires": {
        "is-number": "^4.0.0",
        "kind-of": "^6.0.0",
        "math-random": "^1.0.1"
      }
    },
    "runscript": {
      "version": "1.3.0",
      "resolved": "https://registry.npmjs.org/runscript/-/runscript-1.3.0.tgz",
      "integrity": "sha1-KR53y+I1gMAOp8DrHSCPrIaqEwY=",
      "requires": {
        "debug": "^2.6.8",
        "is-type-of": "^1.1.0"
      }
    },
    "safe-buffer": {
      "version": "5.1.2",
      "resolved": "https://registry.npmjs.org/safe-buffer/-/safe-buffer-5.1.2.tgz",
      "integrity": "sha512-Gd2UZBJDkXlY7GbJxfsE8/nvKkUEU1G38c1siN6QP6a9PT9MmHB8GnpscSmMJSoF8LOIrt8ud/wPtojys4G6+g=="
    },
    "sha.js": {
      "version": "2.4.11",
      "resolved": "https://registry.npmjs.org/sha.js/-/sha.js-2.4.11.tgz",
      "integrity": "sha512-QMEp5B7cftE7APOjk5Y6xgrbWu+WkLVQwk8JNjZ8nKRciZaByEW6MubieAiToS7+dwvrjGhH8jRXz3MVd0AYqQ==",
      "requires": {
        "inherits": "^2.0.1",
        "safe-buffer": "^5.0.1"
      }
    },
    "shebang-command": {
      "version": "1.2.0",
      "resolved": "https://registry.npmjs.org/shebang-command/-/shebang-command-1.2.0.tgz",
      "integrity": "sha1-RKrGW2lbAzmJaMOfNj/uXer98eo=",
      "requires": {
        "shebang-regex": "^1.0.0"
      }
    },
    "shebang-regex": {
      "version": "1.0.0",
      "resolved": "https://registry.npmjs.org/shebang-regex/-/shebang-regex-1.0.0.tgz",
      "integrity": "sha1-2kL0l0DAtC2yypcoVxyxkMmO/qM="
    },
    "signal-exit": {
      "version": "3.0.2",
      "resolved": "https://registry.npmjs.org/signal-exit/-/signal-exit-3.0.2.tgz",
      "integrity": "sha1-tf3AjxKH6hF4Yo5BXiUTK3NkbG0="
    },
    "strip-eof": {
      "version": "1.0.0",
      "resolved": "https://registry.npmjs.org/strip-eof/-/strip-eof-1.0.0.tgz",
      "integrity": "sha1-u0P/VZim6wXYm1n80SnJgzE2Br8="
    },
    "unix-crypt-td-js": {
      "version": "1.0.0",
      "resolved": "https://registry.npmjs.org/unix-crypt-td-js/-/unix-crypt-td-js-1.0.0.tgz",
      "integrity": "sha1-HAgkFQSBvHoB1J6Y8exmjYJBLzs="
    },
    "which": {
      "version": "1.3.1",
      "resolved": "https://registry.npmjs.org/which/-/which-1.3.1.tgz",
      "integrity": "sha512-HxJdYWq1MTIQbJ3nw0cqssHoTNU267KlrDuGZ1WYlxDStUtKUhOaJmh112/TZmHxxUfuJqPXSOm7tDyas0OSIQ==",
      "requires": {
        "isexe": "^2.0.0"
      }
    },
    "yallist": {
      "version": "2.1.2",
      "resolved": "https://registry.npmjs.org/yallist/-/yallist-2.1.2.tgz",
      "integrity": "sha1-HBH5IY8HYImkfdUS+TxmmaaoHVI="
    }
  }
}
